
Microsoft Visual Studio Solution File, Format Version 12.00
# Visual Studio Version 16
VisualStudioVersion = 16.0.29519.181
MinimumVisualStudioVersion = 10.0.40219.1
Project("{FAE04EC0-301F-11D3-BF4B-00C04F79EFBC}") = "MvcMovie", "MvcMovie.csproj", "{A2725681-1F9F-4413-BD7F-171ABDD17626}"
EndProject
Global
	GlobalSection(SolutionConfigurationPlatforms) = preSolution
		Debug|Any CPU = Debug|Any CPU
		Release|Any CPU = Release|Any CPU
	EndGlobalSection
	GlobalSection(ProjectConfigurationPlatforms) = postSolution
		{A2725681-1F9F-4413-BD7F-171ABDD17626}.Debug|Any CPU.ActiveCfg = Debug|Any CPU
		{A2725681-1F9F-4413-BD7F-171ABDD17626}.Debug|Any CPU.Build.0 = Debug|Any CPU
		{A2725681-1F9F-4413-BD7F-171ABDD17626}.Release|Any CPU.ActiveCfg = Release|Any CPU
		{A2725681-1F9F-4413-BD7F-171ABDD17626}.Release|Any CPU.Build.0 = Release|Any CPU
	EndGlobalSection
	GlobalSection(SolutionProperties) = preSolution
		HideSolutionNode = FALSE
	EndGlobalSection
	GlobalSection(ExtensibilityGlobals) = postSolution
		SolutionGuid = {D97DBB6E-AF04-49F4-976D-9A1525417789}
	EndGlobalSection
EndGlobal
