
Microsoft Visual Studio Solution File, Format Version 12.00
# Visual Studio Version 16
VisualStudioVersion = 16.0.29613.14
MinimumVisualStudioVersion = 10.0.40219.1
Project("{FAE04EC0-301F-11D3-BF4B-00C04F79EFBC}") = "BooksApi", "BooksApi.csproj", "{0382C95F-C6D7-4129-9008-9A6F2049DE6A}"
EndProject
Global
	GlobalSection(SolutionConfigurationPlatforms) = preSolution
		Debug|Any CPU = Debug|Any CPU
		Release|Any CPU = Release|Any CPU
	EndGlobalSection
	GlobalSection(ProjectConfigurationPlatforms) = postSolution
		{0382C95F-C6D7-4129-9008-9A6F2049DE6A}.Debug|Any CPU.ActiveCfg = Debug|Any CPU
		{0382C95F-C6D7-4129-9008-9A6F2049DE6A}.Debug|Any CPU.Build.0 = Debug|Any CPU
		{0382C95F-C6D7-4129-9008-9A6F2049DE6A}.Release|Any CPU.ActiveCfg = Release|Any CPU
		{0382C95F-C6D7-4129-9008-9A6F2049DE6A}.Release|Any CPU.Build.0 = Release|Any CPU
	EndGlobalSection
	GlobalSection(SolutionProperties) = preSolution
		HideSolutionNode = FALSE
	EndGlobalSection
	GlobalSection(ExtensibilityGlobals) = postSolution
		SolutionGuid = {1C6177CB-C0C7-4A04-90C3-0600130C89A5}
	EndGlobalSection
EndGlobal
